<?xml version="1.0" encoding="utf-8"?>
<Project ToolsVersion="Current" xmlns="http://schemas.microsoft.com/developer/msbuild/2003">
  <ItemGroup>
    <ClCompile Include="config.cpp" />
    <ClCompile Include="imgui_render.cpp" />
    <ClCompile Include="PowershellTweaks.cpp" />
    <ClCompile Include="RegistryTweaks.cpp" />
    <ClCompile Include="TweakerMenu.cpp" />
    <ClCompile Include="vendor\ImGui\backends\imgui_impl_dx11.cpp" />
    <ClCompile Include="vendor\ImGui\backends\imgui_impl_win32.cpp" />
    <ClCompile Include="vendor\ImGui\imgui.cpp" />
    <ClCompile Include="vendor\ImGui\imgui_demo.cpp" />
    <ClCompile Include="vendor\ImGui\imgui_draw.cpp" />
    <ClCompile Include="vendor\ImGui\imgui_tables.cpp" />
    <ClCompile Include="vendor\ImGui\imgui_widgets.cpp" />
    <ClCompile Include="vendor\ImGui\misc\cpp\imgui_stdlib.cpp" />
    <ClCompile Include="vendor\ImGui\misc\freetype\imgui_freetype.cpp" />
  </ItemGroup>
  <ItemGroup>
    <ClInclude Include="config.h" />
    <ClInclude Include="main.h" />
    <ClInclude Include="PowershellTweaks.h" />
    <ClInclude Include="RegistryTweaks.h" />
    <ClInclude Include="resource.h" />
    <ClInclude Include="TweakerMenu.h" />
    <ClInclude Include="vendor\freetype\config\ftconfig.h" />
    <ClInclude Include="vendor\freetype\config\ftheader.h" />
    <ClInclude Include="vendor\freetype\config\ftmodule.h" />
    <ClInclude Include="vendor\freetype\config\ftoption.h" />
    <ClInclude Include="vendor\freetype\config\ftstdlib.h" />
    <ClInclude Include="vendor\freetype\config\integer-types.h" />
    <ClInclude Include="vendor\freetype\config\mac-support.h" />
    <ClInclude Include="vendor\freetype\config\public-macros.h" />
    <ClInclude Include="vendor\freetype\freetype.h" />
    <ClInclude Include="vendor\freetype\ftadvanc.h" />
    <ClInclude Include="vendor\freetype\ftbbox.h" />
    <ClInclude Include="vendor\freetype\ftbdf.h" />
    <ClInclude Include="vendor\freetype\ftbitmap.h" />
    <ClInclude Include="vendor\freetype\ftbzip2.h" />
    <ClInclude Include="vendor\freetype\ftcache.h" />
    <ClInclude Include="vendor\freetype\ftchapters.h" />
    <ClInclude Include="vendor\freetype\ftcid.h" />
    <ClInclude Include="vendor\freetype\ftcolor.h" />
    <ClInclude Include="vendor\freetype\ftdriver.h" />
    <ClInclude Include="vendor\freetype\fterrdef.h" />
    <ClInclude Include="vendor\freetype\fterrors.h" />
    <ClInclude Include="vendor\freetype\ftfntfmt.h" />
    <ClInclude Include="vendor\freetype\ftgasp.h" />
    <ClInclude Include="vendor\freetype\ftglyph.h" />
    <ClInclude Include="vendor\freetype\ftgxval.h" />
    <ClInclude Include="vendor\freetype\ftgzip.h" />
    <ClInclude Include="vendor\freetype\ftimage.h" />
    <ClInclude Include="vendor\freetype\ftincrem.h" />
    <ClInclude Include="vendor\freetype\ftlcdfil.h" />
    <ClInclude Include="vendor\freetype\ftlist.h" />
    <ClInclude Include="vendor\freetype\ftlogging.h" />
    <ClInclude Include="vendor\freetype\ftlzw.h" />
    <ClInclude Include="vendor\freetype\ftmac.h" />
    <ClInclude Include="vendor\freetype\ftmm.h" />
    <ClInclude Include="vendor\freetype\ftmodapi.h" />
    <ClInclude Include="vendor\freetype\ftmoderr.h" />
    <ClInclude Include="vendor\freetype\ftotval.h" />
    <ClInclude Include="vendor\freetype\ftoutln.h" />
    <ClInclude Include="vendor\freetype\ftparams.h" />
    <ClInclude Include="vendor\freetype\ftpfr.h" />
    <ClInclude Include="vendor\freetype\ftrender.h" />
    <ClInclude Include="vendor\freetype\ftsizes.h" />
    <ClInclude Include="vendor\freetype\ftsnames.h" />
    <ClInclude Include="vendor\freetype\ftstroke.h" />
    <ClInclude Include="vendor\freetype\ftsynth.h" />
    <ClInclude Include="vendor\freetype\ftsystem.h" />
    <ClInclude Include="vendor\freetype\fttrigon.h" />
    <ClInclude Include="vendor\freetype\fttypes.h" />
    <ClInclude Include="vendor\freetype\ftwinfnt.h" />
    <ClInclude Include="vendor\freetype\internal\autohint.h" />
    <ClInclude Include="vendor\freetype\internal\cffotypes.h" />
    <ClInclude Include="vendor\freetype\internal\cfftypes.h" />
    <ClInclude Include="vendor\freetype\internal\compiler-macros.h" />
    <ClInclude Include="vendor\freetype\internal\ftcalc.h" />
    <ClInclude Include="vendor\freetype\internal\ftdebug.h" />
    <ClInclude Include="vendor\freetype\internal\ftdrv.h" />
    <ClInclude Include="vendor\freetype\internal\ftgloadr.h" />
    <ClInclude Include="vendor\freetype\internal\fthash.h" />
    <ClInclude Include="vendor\freetype\internal\ftmemory.h" />
    <ClInclude Include="vendor\freetype\internal\ftmmtypes.h" />
    <ClInclude Include="vendor\freetype\internal\ftobjs.h" />
    <ClInclude Include="vendor\freetype\internal\ftpsprop.h" />
    <ClInclude Include="vendor\freetype\internal\ftrfork.h" />
    <ClInclude Include="vendor\freetype\internal\ftserv.h" />
    <ClInclude Include="vendor\freetype\internal\ftstream.h" />
    <ClInclude Include="vendor\freetype\internal\fttrace.h" />
    <ClInclude Include="vendor\freetype\internal\ftvalid.h" />
    <ClInclude Include="vendor\freetype\internal\psaux.h" />
    <ClInclude Include="vendor\freetype\internal\pshints.h" />
    <ClInclude Include="vendor\freetype\internal\services\svbdf.h" />
    <ClInclude Include="vendor\freetype\internal\services\svcfftl.h" />
    <ClInclude Include="vendor\freetype\internal\services\svcid.h" />
    <ClInclude Include="vendor\freetype\internal\services\svfntfmt.h" />
    <ClInclude Include="vendor\freetype\internal\services\svgldict.h" />
    <ClInclude Include="vendor\freetype\internal\services\svgxval.h" />
    <ClInclude Include="vendor\freetype\internal\services\svkern.h" />
    <ClInclude Include="vendor\freetype\internal\services\svmetric.h" />
    <ClInclude Include="vendor\freetype\internal\services\svmm.h" />
    <ClInclude Include="vendor\freetype\internal\services\svotval.h" />
    <ClInclude Include="vendor\freetype\internal\services\svpfr.h" />
    <ClInclude Include="vendor\freetype\internal\services\svpostnm.h" />
    <ClInclude Include="vendor\freetype\internal\services\svprop.h" />
    <ClInclude Include="vendor\freetype\internal\services\svpscmap.h" />
    <ClInclude Include="vendor\freetype\internal\services\svpsinfo.h" />
    <ClInclude Include="vendor\freetype\internal\services\svsfnt.h" />
    <ClInclude Include="vendor\freetype\internal\services\svttcmap.h" />
    <ClInclude Include="vendor\freetype\internal\services\svtteng.h" />
    <ClInclude Include="vendor\freetype\internal\services\svttglyf.h" />
    <ClInclude Include="vendor\freetype\internal\services\svwinfnt.h" />
    <ClInclude Include="vendor\freetype\internal\sfnt.h" />
    <ClInclude Include="vendor\freetype\internal\svginterface.h" />
    <ClInclude Include="vendor\freetype\internal\t1types.h" />
    <ClInclude Include="vendor\freetype\internal\tttypes.h" />
    <ClInclude Include="vendor\freetype\internal\wofftypes.h" />
    <ClInclude Include="vendor\freetype\otsvg.h" />
    <ClInclude Include="vendor\freetype\t1tables.h" />
    <ClInclude Include="vendor\freetype\ttnameid.h" />
    <ClInclude Include="vendor\freetype\tttables.h" />
    <ClInclude Include="vendor\freetype\tttags.h" />
    <ClInclude Include="vendor\ft2build.h" />
    <ClInclude Include="vendor\ImGui\backends\imgui_impl_dx11.h" />
    <ClInclude Include="vendor\ImGui\backends\imgui_impl_win32.h" />
    <ClInclude Include="vendor\ImGui\freetype\config\ftconfig.h" />
    <ClInclude Include="vendor\ImGui\freetype\config\ftheader.h" />
    <ClInclude Include="vendor\ImGui\freetype\config\ftmodule.h" />
    <ClInclude Include="vendor\ImGui\freetype\config\ftoption.h" />
    <ClInclude Include="vendor\ImGui\freetype\config\ftstdlib.h" />
    <ClInclude Include="vendor\ImGui\freetype\config\integer-types.h" />
    <ClInclude Include="vendor\ImGui\freetype\config\mac-support.h" />
    <ClInclude Include="vendor\ImGui\freetype\config\public-macros.h" />
    <ClInclude Include="vendor\ImGui\freetype\freetype.h" />
    <ClInclude Include="vendor\ImGui\freetype\ftadvanc.h" />
    <ClInclude Include="vendor\ImGui\freetype\ftbbox.h" />
    <ClInclude Include="vendor\ImGui\freetype\ftbdf.h" />
    <ClInclude Include="vendor\ImGui\freetype\ftbitmap.h" />
    <ClInclude Include="vendor\ImGui\freetype\ftbzip2.h" />
    <ClInclude Include="vendor\ImGui\freetype\ftcache.h" />
    <ClInclude Include="vendor\ImGui\freetype\ftchapters.h" />
    <ClInclude Include="vendor\ImGui\freetype\ftcid.h" />
    <ClInclude Include="vendor\ImGui\freetype\ftcolor.h" />
    <ClInclude Include="vendor\ImGui\freetype\ftdriver.h" />
    <ClInclude Include="vendor\ImGui\freetype\fterrdef.h" />
    <ClInclude Include="vendor\ImGui\freetype\fterrors.h" />
    <ClInclude Include="vendor\ImGui\freetype\ftfntfmt.h" />
    <ClInclude Include="vendor\ImGui\freetype\ftgasp.h" />
    <ClInclude Include="vendor\ImGui\freetype\ftglyph.h" />
    <ClInclude Include="vendor\ImGui\freetype\ftgxval.h" />
    <ClInclude Include="vendor\ImGui\freetype\ftgzip.h" />
    <ClInclude Include="vendor\ImGui\freetype\ftimage.h" />
    <ClInclude Include="vendor\ImGui\freetype\ftincrem.h" />
    <ClInclude Include="vendor\ImGui\freetype\ftlcdfil.h" />
    <ClInclude Include="vendor\ImGui\freetype\ftlist.h" />
    <ClInclude Include="vendor\ImGui\freetype\ftlogging.h" />
    <ClInclude Include="vendor\ImGui\freetype\ftlzw.h" />
    <ClInclude Include="vendor\ImGui\freetype\ftmac.h" />
    <ClInclude Include="vendor\ImGui\freetype\ftmm.h" />
    <ClInclude Include="vendor\ImGui\freetype\ftmodapi.h" />
    <ClInclude Include="vendor\ImGui\freetype\ftmoderr.h" />
    <ClInclude Include="vendor\ImGui\freetype\ftotval.h" />
    <ClInclude Include="vendor\ImGui\freetype\ftoutln.h" />
    <ClInclude Include="vendor\ImGui\freetype\ftparams.h" />
    <ClInclude Include="vendor\ImGui\freetype\ftpfr.h" />
    <ClInclude Include="vendor\ImGui\freetype\ftrender.h" />
    <ClInclude Include="vendor\ImGui\freetype\ftsizes.h" />
    <ClInclude Include="vendor\ImGui\freetype\ftsnames.h" />
    <ClInclude Include="vendor\ImGui\freetype\ftstroke.h" />
    <ClInclude Include="vendor\ImGui\freetype\ftsynth.h" />
    <ClInclude Include="vendor\ImGui\freetype\ftsystem.h" />
    <ClInclude Include="vendor\ImGui\freetype\fttrigon.h" />
    <ClInclude Include="vendor\ImGui\freetype\fttypes.h" />
    <ClInclude Include="vendor\ImGui\freetype\ftwinfnt.h" />
    <ClInclude Include="vendor\ImGui\freetype\internal\autohint.h" />
    <ClInclude Include="vendor\ImGui\freetype\internal\cffotypes.h" />
    <ClInclude Include="vendor\ImGui\freetype\internal\cfftypes.h" />
    <ClInclude Include="vendor\ImGui\freetype\internal\compiler-macros.h" />
    <ClInclude Include="vendor\ImGui\freetype\internal\ftcalc.h" />
    <ClInclude Include="vendor\ImGui\freetype\internal\ftdebug.h" />
    <ClInclude Include="vendor\ImGui\freetype\internal\ftdrv.h" />
    <ClInclude Include="vendor\ImGui\freetype\internal\ftgloadr.h" />
    <ClInclude Include="vendor\ImGui\freetype\internal\fthash.h" />
    <ClInclude Include="vendor\ImGui\freetype\internal\ftmemory.h" />
    <ClInclude Include="vendor\ImGui\freetype\internal\ftmmtypes.h" />
    <ClInclude Include="vendor\ImGui\freetype\internal\ftobjs.h" />
    <ClInclude Include="vendor\ImGui\freetype\internal\ftpsprop.h" />
    <ClInclude Include="vendor\ImGui\freetype\internal\ftrfork.h" />
    <ClInclude Include="vendor\ImGui\freetype\internal\ftserv.h" />
    <ClInclude Include="vendor\ImGui\freetype\internal\ftstream.h" />
    <ClInclude Include="vendor\ImGui\freetype\internal\fttrace.h" />
    <ClInclude Include="vendor\ImGui\freetype\internal\ftvalid.h" />
    <ClInclude Include="vendor\ImGui\freetype\internal\psaux.h" />
    <ClInclude Include="vendor\ImGui\freetype\internal\pshints.h" />
    <ClInclude Include="vendor\ImGui\freetype\internal\services\svbdf.h" />
    <ClInclude Include="vendor\ImGui\freetype\internal\services\svcfftl.h" />
    <ClInclude Include="vendor\ImGui\freetype\internal\services\svcid.h" />
    <ClInclude Include="vendor\ImGui\freetype\internal\services\svfntfmt.h" />
    <ClInclude Include="vendor\ImGui\freetype\internal\services\svgldict.h" />
    <ClInclude Include="vendor\ImGui\freetype\internal\services\svgxval.h" />
    <ClInclude Include="vendor\ImGui\freetype\internal\services\svkern.h" />
    <ClInclude Include="vendor\ImGui\freetype\internal\services\svmetric.h" />
    <ClInclude Include="vendor\ImGui\freetype\internal\services\svmm.h" />
    <ClInclude Include="vendor\ImGui\freetype\internal\services\svotval.h" />
    <ClInclude Include="vendor\ImGui\freetype\internal\services\svpfr.h" />
    <ClInclude Include="vendor\ImGui\freetype\internal\services\svpostnm.h" />
    <ClInclude Include="vendor\ImGui\freetype\internal\services\svprop.h" />
    <ClInclude Include="vendor\ImGui\freetype\internal\services\svpscmap.h" />
    <ClInclude Include="vendor\ImGui\freetype\internal\services\svpsinfo.h" />
    <ClInclude Include="vendor\ImGui\freetype\internal\services\svsfnt.h" />
    <ClInclude Include="vendor\ImGui\freetype\internal\services\svttcmap.h" />
    <ClInclude Include="vendor\ImGui\freetype\internal\services\svtteng.h" />
    <ClInclude Include="vendor\ImGui\freetype\internal\services\svttglyf.h" />
    <ClInclude Include="vendor\ImGui\freetype\internal\services\svwinfnt.h" />
    <ClInclude Include="vendor\ImGui\freetype\internal\sfnt.h" />
    <ClInclude Include="vendor\ImGui\freetype\internal\svginterface.h" />
    <ClInclude Include="vendor\ImGui\freetype\internal\t1types.h" />
    <ClInclude Include="vendor\ImGui\freetype\internal\tttypes.h" />
    <ClInclude Include="vendor\ImGui\freetype\internal\wofftypes.h" />
    <ClInclude Include="vendor\ImGui\freetype\otsvg.h" />
    <ClInclude Include="vendor\ImGui\freetype\t1tables.h" />
    <ClInclude Include="vendor\ImGui\freetype\ttnameid.h" />
    <ClInclude Include="vendor\ImGui\freetype\tttables.h" />
    <ClInclude Include="vendor\ImGui\freetype\tttags.h" />
    <ClInclude Include="vendor\ImGui\ft2build.h" />
    <ClInclude Include="vendor\ImGui\imconfig.h" />
    <ClInclude Include="vendor\ImGui\imgui.h" />
    <ClInclude Include="vendor\ImGui\imgui_internal.h" />
    <ClInclude Include="vendor\ImGui\imstb_rectpack.h" />
    <ClInclude Include="vendor\ImGui\imstb_textedit.h" />
    <ClInclude Include="vendor\ImGui\imstb_truetype.h" />
    <ClInclude Include="vendor\ImGui\misc\cpp\imgui_stdlib.h" />
    <ClInclude Include="vendor\ImGui\misc\freetype\imgui_freetype.h" />
    <ClInclude Include="vendor\ImGui\misc\single_file\imgui_single_file.h" />
    <ClInclude Include="vendor\SDL\begin_code.h" />
    <ClInclude Include="vendor\SDL\close_code.h" />
    <ClInclude Include="vendor\SDL\SDL.h" />
    <ClInclude Include="vendor\SDL\SDL_assert.h" />
    <ClInclude Include="vendor\SDL\SDL_atomic.h" />
    <ClInclude Include="vendor\SDL\SDL_audio.h" />
    <ClInclude Include="vendor\SDL\SDL_bits.h" />
    <ClInclude Include="vendor\SDL\SDL_blendmode.h" />
    <ClInclude Include="vendor\SDL\SDL_clipboard.h" />
    <ClInclude Include="vendor\SDL\SDL_config.h" />
    <ClInclude Include="vendor\SDL\SDL_config_android.h" />
    <ClInclude Include="vendor\SDL\SDL_config_emscripten.h" />
    <ClInclude Include="vendor\SDL\SDL_config_iphoneos.h" />
    <ClInclude Include="vendor\SDL\SDL_config_macosx.h" />
    <ClInclude Include="vendor\SDL\SDL_config_minimal.h" />
    <ClInclude Include="vendor\SDL\SDL_config_ngage.h" />
    <ClInclude Include="vendor\SDL\SDL_config_os2.h" />
    <ClInclude Include="vendor\SDL\SDL_config_pandora.h" />
    <ClInclude Include="vendor\SDL\SDL_config_windows.h" />
    <ClInclude Include="vendor\SDL\SDL_config_wingdk.h" />
    <ClInclude Include="vendor\SDL\SDL_config_winrt.h" />
    <ClInclude Include="vendor\SDL\SDL_config_xbox.h" />
    <ClInclude Include="vendor\SDL\SDL_copying.h" />
    <ClInclude Include="vendor\SDL\SDL_cpuinfo.h" />
    <ClInclude Include="vendor\SDL\SDL_egl.h" />
    <ClInclude Include="vendor\SDL\SDL_endian.h" />
    <ClInclude Include="vendor\SDL\SDL_error.h" />
    <ClInclude Include="vendor\SDL\SDL_events.h" />
    <ClInclude Include="vendor\SDL\SDL_filesystem.h" />
    <ClInclude Include="vendor\SDL\SDL_gamecontroller.h" />
    <ClInclude Include="vendor\SDL\SDL_gesture.h" />
    <ClInclude Include="vendor\SDL\SDL_guid.h" />
    <ClInclude Include="vendor\SDL\SDL_haptic.h" />
    <ClInclude Include="vendor\SDL\SDL_hidapi.h" />
    <ClInclude Include="vendor\SDL\SDL_hints.h" />
    <ClInclude Include="vendor\SDL\SDL_joystick.h" />
    <ClInclude Include="vendor\SDL\SDL_keyboard.h" />
    <ClInclude Include="vendor\SDL\SDL_keycode.h" />
    <ClInclude Include="vendor\SDL\SDL_loadso.h" />
    <ClInclude Include="vendor\SDL\SDL_locale.h" />
    <ClInclude Include="vendor\SDL\SDL_log.h" />
    <ClInclude Include="vendor\SDL\SDL_main.h" />
    <ClInclude Include="vendor\SDL\SDL_messagebox.h" />
    <ClInclude Include="vendor\SDL\SDL_metal.h" />
    <ClInclude Include="vendor\SDL\SDL_misc.h" />
    <ClInclude Include="vendor\SDL\SDL_mouse.h" />
    <ClInclude Include="vendor\SDL\SDL_mutex.h" />
    <ClInclude Include="vendor\SDL\SDL_name.h" />
    <ClInclude Include="vendor\SDL\SDL_opengl.h" />
    <ClInclude Include="vendor\SDL\SDL_opengles.h" />
    <ClInclude Include="vendor\SDL\SDL_opengles2.h" />
    <ClInclude Include="vendor\SDL\SDL_opengles2_gl2.h" />
    <ClInclude Include="vendor\SDL\SDL_opengles2_gl2ext.h" />
    <ClInclude Include="vendor\SDL\SDL_opengles2_gl2platform.h" />
    <ClInclude Include="vendor\SDL\SDL_opengles2_khrplatform.h" />
    <ClInclude Include="vendor\SDL\SDL_opengl_glext.h" />
    <ClInclude Include="vendor\SDL\SDL_pixels.h" />
    <ClInclude Include="vendor\SDL\SDL_platform.h" />
    <ClInclude Include="vendor\SDL\SDL_power.h" />
    <ClInclude Include="vendor\SDL\SDL_quit.h" />
    <ClInclude Include="vendor\SDL\SDL_rect.h" />
    <ClInclude Include="vendor\SDL\SDL_render.h" />
    <ClInclude Include="vendor\SDL\SDL_revision.h" />
    <ClInclude Include="vendor\SDL\SDL_rwops.h" />
    <ClInclude Include="vendor\SDL\SDL_scancode.h" />
    <ClInclude Include="vendor\SDL\SDL_sensor.h" />
    <ClInclude Include="vendor\SDL\SDL_shape.h" />
    <ClInclude Include="vendor\SDL\SDL_stdinc.h" />
    <ClInclude Include="vendor\SDL\SDL_surface.h" />
    <ClInclude Include="vendor\SDL\SDL_system.h" />
    <ClInclude Include="vendor\SDL\SDL_syswm.h" />
    <ClInclude Include="vendor\SDL\SDL_test.h" />
    <ClInclude Include="vendor\SDL\SDL_test_assert.h" />
    <ClInclude Include="vendor\SDL\SDL_test_common.h" />
    <ClInclude Include="vendor\SDL\SDL_test_compare.h" />
    <ClInclude Include="vendor\SDL\SDL_test_crc32.h" />
    <ClInclude Include="vendor\SDL\SDL_test_font.h" />
    <ClInclude Include="vendor\SDL\SDL_test_fuzzer.h" />
    <ClInclude Include="vendor\SDL\SDL_test_harness.h" />
    <ClInclude Include="vendor\SDL\SDL_test_images.h" />
    <ClInclude Include="vendor\SDL\SDL_test_log.h" />
    <ClInclude Include="vendor\SDL\SDL_test_md5.h" />
    <ClInclude Include="vendor\SDL\SDL_test_memory.h" />
    <ClInclude Include="vendor\SDL\SDL_test_random.h" />
    <ClInclude Include="vendor\SDL\SDL_thread.h" />
    <ClInclude Include="vendor\SDL\SDL_timer.h" />
    <ClInclude Include="vendor\SDL\SDL_touch.h" />
    <ClInclude Include="vendor\SDL\SDL_types.h" />
    <ClInclude Include="vendor\SDL\SDL_version.h" />
    <ClInclude Include="vendor\SDL\SDL_video.h" />
    <ClInclude Include="vendor\SDL\SDL_vulkan.h" />
  </ItemGroup>
  <ItemGroup>
    <Library Include="vendor\Libs\freetype.lib" />
  </ItemGroup>
  <ItemGroup>
    <ResourceCompile Include="Project1.rc" />
  </ItemGroup>
</Project>